
Microsoft Visual Studio Solution File, Format Version 12.00
# Visual Studio Version 16
VisualStudioVersion = 16.0.29209.62
MinimumVisualStudioVersion = 10.0.40219.1
Project("{9A19103F-16F7-4668-BE54-9A1E7A4F7556}") = "Eldritch-Arcana-DUMM", "Eldritch-Arcana-DUMM.csproj", "{D2DA5871-9346-49F1-9B20-914F5B21ACAF}"
EndProject
Global
	GlobalSection(SolutionConfigurationPlatforms) = preSolution
		Debug|Any CPU = Debug|Any CPU
		Release|Any CPU = Release|Any CPU
	EndGlobalSection
	GlobalSection(ProjectConfigurationPlatforms) = postSolution
		{D2DA5871-9346-49F1-9B20-914F5B21ACAF}.Debug|Any CPU.ActiveCfg = Debug|Any CPU
		{D2DA5871-9346-49F1-9B20-914F5B21ACAF}.Debug|Any CPU.Build.0 = Debug|Any CPU
		{D2DA5871-9346-49F1-9B20-914F5B21ACAF}.Release|Any CPU.ActiveCfg = Release|Any CPU
		{D2DA5871-9346-49F1-9B20-914F5B21ACAF}.Release|Any CPU.Build.0 = Release|Any CPU
	EndGlobalSection
	GlobalSection(SolutionProperties) = preSolution
		HideSolutionNode = FALSE
	EndGlobalSection
	GlobalSection(ExtensibilityGlobals) = postSolution
		RESX_ResXSortingComparison = Ordinal
		RESX_SaveFilesImmediatelyUponChange = False
		RESX_ShowErrorsInErrorList = True
		RESX_FileExclusionFilter = 
		RESX_NeutralResourcesLanguage = en-GB
		SolutionGuid = {A1E28EE7-802E-4187-9A29-BD056ABC47FA}
		RESX_CodeReferences = {"Items":[{"Expression":"\\W($File.$Key)\\W","Extensions":".cs,.xaml,.cshtml","IsCaseSensitive":true,"SingleLineComment":"\/\/"},{"Expression":"ResourceManager.GetString\\(\"($Key)\".*\\)","Extensions":".cs","IsCaseSensitive":true,"SingleLineComment":"\/\/"},{"Expression":"typeof\\((\\w+\\.)*($File)\\).+\"($Key)\"|\"($Key)\".+typeof\\((\\w+\\.)*($File)\\)","Extensions":".cs","IsCaseSensitive":true,"SingleLineComment":"\/\/"},{"Expression":"\\W($Key)\\W","Extensions":".vb","IsCaseSensitive":false,"SingleLineComment":"'"},{"Expression":"\\W($File::$Key)\\W","Extensions":".cpp,.c,.hxx,.h","IsCaseSensitive":true,"SingleLineComment":"\/\/"},{"Expression":"&lt;%\\$\\s+Resources:\\s*($File)\\s*,\\s*($Key)\\s*%&gt;","Extensions":".aspx,.ascx,.master","IsCaseSensitive":true,"SingleLineComment":null},{"Expression":"StringResourceKey\\.($Key)","Extensions":".cs","IsCaseSensitive":true,"SingleLineComment":"\/\/"}]}
	EndGlobalSection
EndGlobal
